
Microsoft Visual Studio Solution File, Format Version 12.00
# Visual Studio Version 17
VisualStudioVersion = 17.4.33205.214
MinimumVisualStudioVersion = 10.0.40219.1
Project("{FAE04EC0-301F-11D3-BF4B-00C04F79EFBC}") = "ConsoleAppForGithub", "ConsoleAppForGithub\ConsoleAppForGithub.csproj", "{CAC8DB42-FD98-47AD-867F-636A372A81A2}"
EndProject
Global
	GlobalSection(SolutionConfigurationPlatforms) = preSolution
		Debug|Any CPU = Debug|Any CPU
		Release|Any CPU = Release|Any CPU
	EndGlobalSection
	GlobalSection(ProjectConfigurationPlatforms) = postSolution
		{CAC8DB42-FD98-47AD-867F-636A372A81A2}.Debug|Any CPU.ActiveCfg = Debug|Any CPU
		{CAC8DB42-FD98-47AD-867F-636A372A81A2}.Debug|Any CPU.Build.0 = Debug|Any CPU
		{CAC8DB42-FD98-47AD-867F-636A372A81A2}.Release|Any CPU.ActiveCfg = Release|Any CPU
		{CAC8DB42-FD98-47AD-867F-636A372A81A2}.Release|Any CPU.Build.0 = Release|Any CPU
	EndGlobalSection
	GlobalSection(SolutionProperties) = preSolution
		HideSolutionNode = FALSE
	EndGlobalSection
	GlobalSection(ExtensibilityGlobals) = postSolution
		SolutionGuid = {5FC91A79-76B2-4307-9879-C6CD4668CBA1}
	EndGlobalSection
EndGlobal
